// !$*UTF8*$!
{
	archiveVersion = 1;
	classes = {
	};
	objectVersion = 56;
	objects = {

/* Begin PBXBuildFile section */
		FB49FC6F2C92D53F0034A06A /* TaskManagerApp.swift in Sources */ = {isa = PBXBuildFile; fileRef = FB49FC6E2C92D53F0034A06A /* TaskManagerApp.swift */; };
		FB49FC712C92D53F0034A06A /* ContentView.swift in Sources */ = {isa = PBXBuildFile; fileRef = FB49FC702C92D53F0034A06A /* ContentView.swift */; };
		FB49FC732C92D5400034A06A /* Assets.xcassets in Resources */ = {isa = PBXBuildFile; fileRef = FB49FC722C92D5400034A06A /* Assets.xcassets */; };
		FB49FC772C92D5400034A06A /* Preview Assets.xcassets in Resources */ = {isa = PBXBuildFile; fileRef = FB49FC762C92D5400034A06A /* Preview Assets.xcassets */; };
		FB49FC7E2C92D5900034A06A /* TaskDetail.swift in Sources */ = {isa = PBXBuildFile; fileRef = FB49FC7D2C92D5900034A06A /* TaskDetail.swift */; };
		FB49FC802C92D5AC0034A06A /* TaskViewModel.swift in Sources */ = {isa = PBXBuildFile; fileRef = FB49FC7F2C92D5AC0034A06A /* TaskViewModel.swift */; };
		FB49FC822C92D5CE0034A06A /* AddTaskView.swift in Sources */ = {isa = PBXBuildFile; fileRef = FB49FC812C92D5CE0034A06A /* AddTaskView.swift */; };
		FB5941E72C95725E00D235BC /* TaskListView.swift in Sources */ = {isa = PBXBuildFile; fileRef = FB5941E62C95725E00D235BC /* TaskListView.swift */; };
		FB5941E92C96D1EA00D235BC /* TaskDetailView.swift in Sources */ = {isa = PBXBuildFile; fileRef = FB5941E82C96D1EA00D235BC /* TaskDetailView.swift */; };
		FB5941EB2C96EBB600D235BC /* TaskError.swift in Sources */ = {isa = PBXBuildFile; fileRef = FB5941EA2C96EBB600D235BC /* TaskError.swift */; };
		FB5941F32C97FCCA00D235BC /* TaskManagerTest.swift in Sources */ = {isa = PBXBuildFile; fileRef = FB5941F22C97FCCA00D235BC /* TaskManagerTest.swift */; };
		FB5941F52C97FCCB00D235BC /* TaskManagerTestLaunchTests.swift in Sources */ = {isa = PBXBuildFile; fileRef = FB5941F42C97FCCB00D235BC /* TaskManagerTestLaunchTests.swift */; };
		FB5941FB2C9806D100D235BC /* TaskManagerApp.swift in Sources */ = {isa = PBXBuildFile; fileRef = FB49FC6E2C92D53F0034A06A /* TaskManagerApp.swift */; };
		FB5941FC2C9806D400D235BC /* TaskDetail.swift in Sources */ = {isa = PBXBuildFile; fileRef = FB49FC7D2C92D5900034A06A /* TaskDetail.swift */; };
		FB5941FF2C9806E500D235BC /* ContentView.swift in Sources */ = {isa = PBXBuildFile; fileRef = FB49FC702C92D53F0034A06A /* ContentView.swift */; };
		FB5942002C9806E800D235BC /* AddTaskView.swift in Sources */ = {isa = PBXBuildFile; fileRef = FB49FC812C92D5CE0034A06A /* AddTaskView.swift */; };
		FB5942012C9806EB00D235BC /* TaskListView.swift in Sources */ = {isa = PBXBuildFile; fileRef = FB5941E62C95725E00D235BC /* TaskListView.swift */; };
		FB5942022C9806EF00D235BC /* TaskDetailView.swift in Sources */ = {isa = PBXBuildFile; fileRef = FB5941E82C96D1EA00D235BC /* TaskDetailView.swift */; };
		FB5942032C9806F200D235BC /* CompletedTaskView.swift in Sources */ = {isa = PBXBuildFile; fileRef = FB5EDF572C9550A800EA2733 /* CompletedTaskView.swift */; };
		FB5942042C9806F600D235BC /* TaskError.swift in Sources */ = {isa = PBXBuildFile; fileRef = FB5941EA2C96EBB600D235BC /* TaskError.swift */; };
		FB5942062CBB777100D235BC /* TaskWrapper.swift in Sources */ = {isa = PBXBuildFile; fileRef = FB5942052CBB777100D235BC /* TaskWrapper.swift */; };
		FB59420B2CBBB02200D235BC /* TaskViewModel.swift in Sources */ = {isa = PBXBuildFile; fileRef = FB49FC7F2C92D5AC0034A06A /* TaskViewModel.swift */; };
		FB59420C2CBBB03500D235BC /* TaskWrapper.swift in Sources */ = {isa = PBXBuildFile; fileRef = FB5942052CBB777100D235BC /* TaskWrapper.swift */; };
		FB5942102CBBE42B00D235BC /* NetworkManager.swift in Sources */ = {isa = PBXBuildFile; fileRef = FB59420F2CBBE42B00D235BC /* NetworkManager.swift */; };
		FB5942132CBDFDFC00D235BC /* Supabase in Frameworks */ = {isa = PBXBuildFile; productRef = FB5942122CBDFDFC00D235BC /* Supabase */; };
		FB5942162CBDFE5B00D235BC /* Supabase in Frameworks */ = {isa = PBXBuildFile; productRef = FB5942152CBDFE5B00D235BC /* Supabase */; };
		FB5942172CBE320800D235BC /* NetworkManager.swift in Sources */ = {isa = PBXBuildFile; fileRef = FB59420F2CBBE42B00D235BC /* NetworkManager.swift */; };
		FB5EDF582C9550A800EA2733 /* CompletedTaskView.swift in Sources */ = {isa = PBXBuildFile; fileRef = FB5EDF572C9550A800EA2733 /* CompletedTaskView.swift */; };
/* End PBXBuildFile section */

/* Begin PBXContainerItemProxy section */
		FB5941F62C97FCCB00D235BC /* PBXContainerItemProxy */ = {
			isa = PBXContainerItemProxy;
			containerPortal = FB49FC632C92D53F0034A06A /* Project object */;
			proxyType = 1;
			remoteGlobalIDString = FB49FC6A2C92D53F0034A06A;
			remoteInfo = TaskManager;
		};
/* End PBXContainerItemProxy section */

/* Begin PBXFileReference section */
		FB49FC6B2C92D53F0034A06A /* TaskManager.app */ = {isa = PBXFileReference; explicitFileType = wrapper.application; includeInIndex = 0; path = TaskManager.app; sourceTree = BUILT_PRODUCTS_DIR; };
		FB49FC6E2C92D53F0034A06A /* TaskManagerApp.swift */ = {isa = PBXFileReference; lastKnownFileType = sourcecode.swift; path = TaskManagerApp.swift; sourceTree = "<group>"; };
		FB49FC702C92D53F0034A06A /* ContentView.swift */ = {isa = PBXFileReference; lastKnownFileType = sourcecode.swift; path = ContentView.swift; sourceTree = "<group>"; };
		FB49FC722C92D5400034A06A /* Assets.xcassets */ = {isa = PBXFileReference; lastKnownFileType = folder.assetcatalog; path = Assets.xcassets; sourceTree = "<group>"; };
		FB49FC742C92D5400034A06A /* TaskManager.entitlements */ = {isa = PBXFileReference; lastKnownFileType = text.plist.entitlements; path = TaskManager.entitlements; sourceTree = "<group>"; };
		FB49FC762C92D5400034A06A /* Preview Assets.xcassets */ = {isa = PBXFileReference; lastKnownFileType = folder.assetcatalog; path = "Preview Assets.xcassets"; sourceTree = "<group>"; };
		FB49FC7D2C92D5900034A06A /* TaskDetail.swift */ = {isa = PBXFileReference; lastKnownFileType = sourcecode.swift; path = TaskDetail.swift; sourceTree = "<group>"; };
		FB49FC7F2C92D5AC0034A06A /* TaskViewModel.swift */ = {isa = PBXFileReference; lastKnownFileType = sourcecode.swift; path = TaskViewModel.swift; sourceTree = "<group>"; };
		FB49FC812C92D5CE0034A06A /* AddTaskView.swift */ = {isa = PBXFileReference; lastKnownFileType = sourcecode.swift; path = AddTaskView.swift; sourceTree = "<group>"; };
		FB5941E62C95725E00D235BC /* TaskListView.swift */ = {isa = PBXFileReference; lastKnownFileType = sourcecode.swift; path = TaskListView.swift; sourceTree = "<group>"; };
		FB5941E82C96D1EA00D235BC /* TaskDetailView.swift */ = {isa = PBXFileReference; lastKnownFileType = sourcecode.swift; path = TaskDetailView.swift; sourceTree = "<group>"; };
		FB5941EA2C96EBB600D235BC /* TaskError.swift */ = {isa = PBXFileReference; lastKnownFileType = sourcecode.swift; path = TaskError.swift; sourceTree = "<group>"; };
		FB5941F02C97FCCA00D235BC /* TaskManagerTest.xctest */ = {isa = PBXFileReference; explicitFileType = wrapper.cfbundle; includeInIndex = 0; path = TaskManagerTest.xctest; sourceTree = BUILT_PRODUCTS_DIR; };
		FB5941F22C97FCCA00D235BC /* TaskManagerTest.swift */ = {isa = PBXFileReference; lastKnownFileType = sourcecode.swift; path = TaskManagerTest.swift; sourceTree = "<group>"; };
		FB5941F42C97FCCB00D235BC /* TaskManagerTestLaunchTests.swift */ = {isa = PBXFileReference; lastKnownFileType = sourcecode.swift; path = TaskManagerTestLaunchTests.swift; sourceTree = "<group>"; };
		FB5942052CBB777100D235BC /* TaskWrapper.swift */ = {isa = PBXFileReference; lastKnownFileType = sourcecode.swift; path = TaskWrapper.swift; sourceTree = "<group>"; };
		FB59420F2CBBE42B00D235BC /* NetworkManager.swift */ = {isa = PBXFileReference; lastKnownFileType = sourcecode.swift; path = NetworkManager.swift; sourceTree = "<group>"; };
		FB5EDF572C9550A800EA2733 /* CompletedTaskView.swift */ = {isa = PBXFileReference; lastKnownFileType = sourcecode.swift; path = CompletedTaskView.swift; sourceTree = "<group>"; };
/* End PBXFileReference section */

/* Begin PBXFrameworksBuildPhase section */
		FB49FC682C92D53F0034A06A /* Frameworks */ = {
			isa = PBXFrameworksBuildPhase;
			buildActionMask = 2147483647;
			files = (
				FB5942132CBDFDFC00D235BC /* Supabase in Frameworks */,
			);
			runOnlyForDeploymentPostprocessing = 0;
		};
		FB5941ED2C97FCCA00D235BC /* Frameworks */ = {
			isa = PBXFrameworksBuildPhase;
			buildActionMask = 2147483647;
			files = (
				FB5942162CBDFE5B00D235BC /* Supabase in Frameworks */,
			);
			runOnlyForDeploymentPostprocessing = 0;
		};
/* End PBXFrameworksBuildPhase section */

/* Begin PBXGroup section */
		FB49FC622C92D53F0034A06A = {
			isa = PBXGroup;
			children = (
				FB49FC6D2C92D53F0034A06A /* TaskManager */,
				FB5941F12C97FCCA00D235BC /* TaskManagerTest */,
				FB49FC6C2C92D53F0034A06A /* Products */,
				FB5942142CBDFE5400D235BC /* Frameworks */,
			);
			sourceTree = "<group>";
		};
		FB49FC6C2C92D53F0034A06A /* Products */ = {
			isa = PBXGroup;
			children = (
				FB49FC6B2C92D53F0034A06A /* TaskManager.app */,
				FB5941F02C97FCCA00D235BC /* TaskManagerTest.xctest */,
			);
			name = Products;
			sourceTree = "<group>";
		};
		FB49FC6D2C92D53F0034A06A /* TaskManager */ = {
			isa = PBXGroup;
			children = (
				FB59420E2CBBE41D00D235BC /* Network */,
				FB59420A2CBB77BF00D235BC /* View */,
				FB5942092CBB77B700D235BC /* ViewModel */,
				FB5942082CBB77AD00D235BC /* Model */,
				FB5942072CBB778900D235BC /* App */,
				FB49FC722C92D5400034A06A /* Assets.xcassets */,
				FB49FC742C92D5400034A06A /* TaskManager.entitlements */,
				FB49FC752C92D5400034A06A /* Preview Content */,
			);
			path = TaskManager;
			sourceTree = "<group>";
		};
		FB49FC752C92D5400034A06A /* Preview Content */ = {
			isa = PBXGroup;
			children = (
				FB49FC762C92D5400034A06A /* Preview Assets.xcassets */,
			);
			path = "Preview Content";
			sourceTree = "<group>";
		};
		FB5941F12C97FCCA00D235BC /* TaskManagerTest */ = {
			isa = PBXGroup;
			children = (
				FB5941F22C97FCCA00D235BC /* TaskManagerTest.swift */,
				FB5941F42C97FCCB00D235BC /* TaskManagerTestLaunchTests.swift */,
			);
			path = TaskManagerTest;
			sourceTree = "<group>";
		};
		FB5942072CBB778900D235BC /* App */ = {
			isa = PBXGroup;
			children = (
				FB49FC6E2C92D53F0034A06A /* TaskManagerApp.swift */,
			);
			path = App;
			sourceTree = "<group>";
		};
		FB5942082CBB77AD00D235BC /* Model */ = {
			isa = PBXGroup;
			children = (
				FB5941EA2C96EBB600D235BC /* TaskError.swift */,
				FB49FC7D2C92D5900034A06A /* TaskDetail.swift */,
			);
			path = Model;
			sourceTree = "<group>";
		};
		FB5942092CBB77B700D235BC /* ViewModel */ = {
			isa = PBXGroup;
			children = (
				FB49FC7F2C92D5AC0034A06A /* TaskViewModel.swift */,
				FB5942052CBB777100D235BC /* TaskWrapper.swift */,
			);
			path = ViewModel;
			sourceTree = "<group>";
		};
		FB59420A2CBB77BF00D235BC /* View */ = {
			isa = PBXGroup;
			children = (
				FB49FC702C92D53F0034A06A /* ContentView.swift */,
				FB49FC812C92D5CE0034A06A /* AddTaskView.swift */,
				FB5941E62C95725E00D235BC /* TaskListView.swift */,
				FB5941E82C96D1EA00D235BC /* TaskDetailView.swift */,
				FB5EDF572C9550A800EA2733 /* CompletedTaskView.swift */,
			);
			path = View;
			sourceTree = "<group>";
		};
		FB59420E2CBBE41D00D235BC /* Network */ = {
			isa = PBXGroup;
			children = (
				FB59420F2CBBE42B00D235BC /* NetworkManager.swift */,
			);
			path = Network;
			sourceTree = "<group>";
		};
		FB5942142CBDFE5400D235BC /* Frameworks */ = {
			isa = PBXGroup;
			children = (
			);
			name = Frameworks;
			sourceTree = "<group>";
		};
/* End PBXGroup section */

/* Begin PBXNativeTarget section */
		FB49FC6A2C92D53F0034A06A /* TaskManager */ = {
			isa = PBXNativeTarget;
			buildConfigurationList = FB49FC7A2C92D5400034A06A /* Build configuration list for PBXNativeTarget "TaskManager" */;
			buildPhases = (
				FB49FC672C92D53F0034A06A /* Sources */,
				FB49FC682C92D53F0034A06A /* Frameworks */,
				FB49FC692C92D53F0034A06A /* Resources */,
			);
			buildRules = (
			);
			dependencies = (
			);
			name = TaskManager;
			packageProductDependencies = (
				FB5942122CBDFDFC00D235BC /* Supabase */,
			);
			productName = TaskManager;
			productReference = FB49FC6B2C92D53F0034A06A /* TaskManager.app */;
			productType = "com.apple.product-type.application";
		};
		FB5941EF2C97FCCA00D235BC /* TaskManagerTest */ = {
			isa = PBXNativeTarget;
			buildConfigurationList = FB5941F82C97FCCB00D235BC /* Build configuration list for PBXNativeTarget "TaskManagerTest" */;
			buildPhases = (
				FB5941EC2C97FCCA00D235BC /* Sources */,
				FB5941ED2C97FCCA00D235BC /* Frameworks */,
				FB5941EE2C97FCCA00D235BC /* Resources */,
			);
			buildRules = (
			);
			dependencies = (
				FB5941F72C97FCCB00D235BC /* PBXTargetDependency */,
			);
			name = TaskManagerTest;
			packageProductDependencies = (
				FB5942152CBDFE5B00D235BC /* Supabase */,
			);
			productName = TaskManagerTest;
			productReference = FB5941F02C97FCCA00D235BC /* TaskManagerTest.xctest */;
			productType = "com.apple.product-type.bundle.ui-testing";
		};
/* End PBXNativeTarget section */

/* Begin PBXProject section */
		FB49FC632C92D53F0034A06A /* Project object */ = {
			isa = PBXProject;
			attributes = {
				BuildIndependentTargetsInParallel = 1;
				KnownAssetTags = (
					New,
				);
				LastSwiftUpdateCheck = 1540;
				LastUpgradeCheck = 1530;
				TargetAttributes = {
					FB49FC6A2C92D53F0034A06A = {
						CreatedOnToolsVersion = 15.3;
					};
					FB5941EF2C97FCCA00D235BC = {
						CreatedOnToolsVersion = 15.4;
						TestTargetID = FB49FC6A2C92D53F0034A06A;
					};
				};
			};
			buildConfigurationList = FB49FC662C92D53F0034A06A /* Build configuration list for PBXProject "TaskManager" */;
			compatibilityVersion = "Xcode 14.0";
			developmentRegion = en;
			hasScannedForEncodings = 0;
			knownRegions = (
				en,
				Base,
			);
			mainGroup = FB49FC622C92D53F0034A06A;
			packageReferences = (
				FB5942112CBDFDFB00D235BC /* XCRemoteSwiftPackageReference "supabase-swift" */,
			);
			productRefGroup = FB49FC6C2C92D53F0034A06A /* Products */;
			projectDirPath = "";
			projectRoot = "";
			targets = (
				FB49FC6A2C92D53F0034A06A /* TaskManager */,
				FB5941EF2C97FCCA00D235BC /* TaskManagerTest */,
			);
		};
/* End PBXProject section */

/* Begin PBXResourcesBuildPhase section */
		FB49FC692C92D53F0034A06A /* Resources */ = {
			isa = PBXResourcesBuildPhase;
			buildActionMask = 2147483647;
			files = (
				FB49FC772C92D5400034A06A /* Preview Assets.xcassets in Resources */,
				FB49FC732C92D5400034A06A /* Assets.xcassets in Resources */,
			);
			runOnlyForDeploymentPostprocessing = 0;
		};
		FB5941EE2C97FCCA00D235BC /* Resources */ = {
			isa = PBXResourcesBuildPhase;
			buildActionMask = 2147483647;
			files = (
			);
			runOnlyForDeploymentPostprocessing = 0;
		};
/* End PBXResourcesBuildPhase section */

/* Begin PBXSourcesBuildPhase section */
		FB49FC672C92D53F0034A06A /* Sources */ = {
			isa = PBXSourcesBuildPhase;
			buildActionMask = 2147483647;
			files = (
				FB5942102CBBE42B00D235BC /* NetworkManager.swift in Sources */,
				FB5942062CBB777100D235BC /* TaskWrapper.swift in Sources */,
				FB5EDF582C9550A800EA2733 /* CompletedTaskView.swift in Sources */,
				FB49FC712C92D53F0034A06A /* ContentView.swift in Sources */,
				FB49FC822C92D5CE0034A06A /* AddTaskView.swift in Sources */,
				FB49FC802C92D5AC0034A06A /* TaskViewModel.swift in Sources */,
				FB49FC7E2C92D5900034A06A /* TaskDetail.swift in Sources */,
				FB49FC6F2C92D53F0034A06A /* TaskManagerApp.swift in Sources */,
				FB5941EB2C96EBB600D235BC /* TaskError.swift in Sources */,
				FB5941E72C95725E00D235BC /* TaskListView.swift in Sources */,
				FB5941E92C96D1EA00D235BC /* TaskDetailView.swift in Sources */,
			);
			runOnlyForDeploymentPostprocessing = 0;
		};
		FB5941EC2C97FCCA00D235BC /* Sources */ = {
			isa = PBXSourcesBuildPhase;
			buildActionMask = 2147483647;
			files = (
				FB59420B2CBBB02200D235BC /* TaskViewModel.swift in Sources */,
				FB5942032C9806F200D235BC /* CompletedTaskView.swift in Sources */,
				FB5941FB2C9806D100D235BC /* TaskManagerApp.swift in Sources */,
				FB5942172CBE320800D235BC /* NetworkManager.swift in Sources */,
				FB5942012C9806EB00D235BC /* TaskListView.swift in Sources */,
				FB59420C2CBBB03500D235BC /* TaskWrapper.swift in Sources */,
				FB5941FF2C9806E500D235BC /* ContentView.swift in Sources */,
				FB5942022C9806EF00D235BC /* TaskDetailView.swift in Sources */,
				FB5942002C9806E800D235BC /* AddTaskView.swift in Sources */,
				FB5942042C9806F600D235BC /* TaskError.swift in Sources */,
				FB5941FC2C9806D400D235BC /* TaskDetail.swift in Sources */,
				FB5941F52C97FCCB00D235BC /* TaskManagerTestLaunchTests.swift in Sources */,
				FB5941F32C97FCCA00D235BC /* TaskManagerTest.swift in Sources */,
			);
			runOnlyForDeploymentPostprocessing = 0;
		};
/* End PBXSourcesBuildPhase section */

/* Begin PBXTargetDependency section */
		FB5941F72C97FCCB00D235BC /* PBXTargetDependency */ = {
			isa = PBXTargetDependency;
			target = FB49FC6A2C92D53F0034A06A /* TaskManager */;
			targetProxy = FB5941F62C97FCCB00D235BC /* PBXContainerItemProxy */;
		};
/* End PBXTargetDependency section */

/* Begin XCBuildConfiguration section */
		FB49FC782C92D5400034A06A /* Debug */ = {
			isa = XCBuildConfiguration;
			buildSettings = {
				ALWAYS_SEARCH_USER_PATHS = NO;
				ASSETCATALOG_COMPILER_GENERATE_SWIFT_ASSET_SYMBOL_EXTENSIONS = YES;
				CLANG_ANALYZER_NONNULL = YES;
				CLANG_ANALYZER_NUMBER_OBJECT_CONVERSION = YES_AGGRESSIVE;
				CLANG_CXX_LANGUAGE_STANDARD = "gnu++20";
				CLANG_ENABLE_MODULES = YES;
				CLANG_ENABLE_OBJC_ARC = YES;
				CLANG_ENABLE_OBJC_WEAK = YES;
				CLANG_WARN_BLOCK_CAPTURE_AUTORELEASING = YES;
				CLANG_WARN_BOOL_CONVERSION = YES;
				CLANG_WARN_COMMA = YES;
				CLANG_WARN_CONSTANT_CONVERSION = YES;
				CLANG_WARN_DEPRECATED_OBJC_IMPLEMENTATIONS = YES;
				CLANG_WARN_DIRECT_OBJC_ISA_USAGE = YES_ERROR;
				CLANG_WARN_DOCUMENTATION_COMMENTS = YES;
				CLANG_WARN_EMPTY_BODY = YES;
				CLANG_WARN_ENUM_CONVERSION = YES;
				CLANG_WARN_INFINITE_RECURSION = YES;
				CLANG_WARN_INT_CONVERSION = YES;
				CLANG_WARN_NON_LITERAL_NULL_CONVERSION = YES;
				CLANG_WARN_OBJC_IMPLICIT_RETAIN_SELF = YES;
				CLANG_WARN_OBJC_LITERAL_CONVERSION = YES;
				CLANG_WARN_OBJC_ROOT_CLASS = YES_ERROR;
				CLANG_WARN_QUOTED_INCLUDE_IN_FRAMEWORK_HEADER = YES;
				CLANG_WARN_RANGE_LOOP_ANALYSIS = YES;
				CLANG_WARN_STRICT_PROTOTYPES = YES;
				CLANG_WARN_SUSPICIOUS_MOVE = YES;
				CLANG_WARN_UNGUARDED_AVAILABILITY = YES_AGGRESSIVE;
				CLANG_WARN_UNREACHABLE_CODE = YES;
				CLANG_WARN__DUPLICATE_METHOD_MATCH = YES;
				COPY_PHASE_STRIP = NO;
				DEBUG_INFORMATION_FORMAT = dwarf;
				ENABLE_STRICT_OBJC_MSGSEND = YES;
				ENABLE_TESTABILITY = YES;
				ENABLE_USER_SCRIPT_SANDBOXING = YES;
				GCC_C_LANGUAGE_STANDARD = gnu17;
				GCC_DYNAMIC_NO_PIC = NO;
				GCC_NO_COMMON_BLOCKS = YES;
				GCC_OPTIMIZATION_LEVEL = 0;
				GCC_PREPROCESSOR_DEFINITIONS = (
					"DEBUG=1",
					"$(inherited)",
				);
				GCC_WARN_64_TO_32_BIT_CONVERSION = YES;
				GCC_WARN_ABOUT_RETURN_TYPE = YES_ERROR;
				GCC_WARN_UNDECLARED_SELECTOR = YES;
				GCC_WARN_UNINITIALIZED_AUTOS = YES_AGGRESSIVE;
				GCC_WARN_UNUSED_FUNCTION = YES;
				GCC_WARN_UNUSED_VARIABLE = YES;
				LOCALIZATION_PREFERS_STRING_CATALOGS = YES;
				MTL_ENABLE_DEBUG_INFO = INCLUDE_SOURCE;
				MTL_FAST_MATH = YES;
				ONLY_ACTIVE_ARCH = YES;
				SWIFT_ACTIVE_COMPILATION_CONDITIONS = "DEBUG $(inherited)";
				SWIFT_OPTIMIZATION_LEVEL = "-Onone";
			};
			name = Debug;
		};
		FB49FC792C92D5400034A06A /* Release */ = {
			isa = XCBuildConfiguration;
			buildSettings = {
				ALWAYS_SEARCH_USER_PATHS = NO;
				ASSETCATALOG_COMPILER_GENERATE_SWIFT_ASSET_SYMBOL_EXTENSIONS = YES;
				CLANG_ANALYZER_NONNULL = YES;
				CLANG_ANALYZER_NUMBER_OBJECT_CONVERSION = YES_AGGRESSIVE;
				CLANG_CXX_LANGUAGE_STANDARD = "gnu++20";
				CLANG_ENABLE_MODULES = YES;
				CLANG_ENABLE_OBJC_ARC = YES;
				CLANG_ENABLE_OBJC_WEAK = YES;
				CLANG_WARN_BLOCK_CAPTURE_AUTORELEASING = YES;
				CLANG_WARN_BOOL_CONVERSION = YES;
				CLANG_WARN_COMMA = YES;
				CLANG_WARN_CONSTANT_CONVERSION = YES;
				CLANG_WARN_DEPRECATED_OBJC_IMPLEMENTATIONS = YES;
				CLANG_WARN_DIRECT_OBJC_ISA_USAGE = YES_ERROR;
				CLANG_WARN_DOCUMENTATION_COMMENTS = YES;
				CLANG_WARN_EMPTY_BODY = YES;
				CLANG_WARN_ENUM_CONVERSION = YES;
				CLANG_WARN_INFINITE_RECURSION = YES;
				CLANG_WARN_INT_CONVERSION = YES;
				CLANG_WARN_NON_LITERAL_NULL_CONVERSION = YES;
				CLANG_WARN_OBJC_IMPLICIT_RETAIN_SELF = YES;
				CLANG_WARN_OBJC_LITERAL_CONVERSION = YES;
				CLANG_WARN_OBJC_ROOT_CLASS = YES_ERROR;
				CLANG_WARN_QUOTED_INCLUDE_IN_FRAMEWORK_HEADER = YES;
				CLANG_WARN_RANGE_LOOP_ANALYSIS = YES;
				CLANG_WARN_STRICT_PROTOTYPES = YES;
				CLANG_WARN_SUSPICIOUS_MOVE = YES;
				CLANG_WARN_UNGUARDED_AVAILABILITY = YES_AGGRESSIVE;
				CLANG_WARN_UNREACHABLE_CODE = YES;
				CLANG_WARN__DUPLICATE_METHOD_MATCH = YES;
				COPY_PHASE_STRIP = NO;
				DEBUG_INFORMATION_FORMAT = "dwarf-with-dsym";
				ENABLE_NS_ASSERTIONS = NO;
				ENABLE_STRICT_OBJC_MSGSEND = YES;
				ENABLE_USER_SCRIPT_SANDBOXING = YES;
				GCC_C_LANGUAGE_STANDARD = gnu17;
				GCC_NO_COMMON_BLOCKS = YES;
				GCC_WARN_64_TO_32_BIT_CONVERSION = YES;
				GCC_WARN_ABOUT_RETURN_TYPE = YES_ERROR;
				GCC_WARN_UNDECLARED_SELECTOR = YES;
				GCC_WARN_UNINITIALIZED_AUTOS = YES_AGGRESSIVE;
				GCC_WARN_UNUSED_FUNCTION = YES;
				GCC_WARN_UNUSED_VARIABLE = YES;
				LOCALIZATION_PREFERS_STRING_CATALOGS = YES;
				MTL_ENABLE_DEBUG_INFO = NO;
				MTL_FAST_MATH = YES;
				SWIFT_COMPILATION_MODE = wholemodule;
			};
			name = Release;
		};
		FB49FC7B2C92D5400034A06A /* Debug */ = {
			isa = XCBuildConfiguration;
			buildSettings = {
				ASSETCATALOG_COMPILER_APPICON_NAME = AppIcon;
				ASSETCATALOG_COMPILER_GLOBAL_ACCENT_COLOR_NAME = AccentColor;
				CODE_SIGN_ENTITLEMENTS = TaskManager/TaskManager.entitlements;
				CODE_SIGN_STYLE = Automatic;
				CURRENT_PROJECT_VERSION = 1;
				DEVELOPMENT_ASSET_PATHS = "\"TaskManager/Preview Content\"";
				ENABLE_PREVIEWS = YES;
				GENERATE_INFOPLIST_FILE = YES;
				"INFOPLIST_KEY_UIApplicationSceneManifest_Generation[sdk=iphoneos*]" = YES;
				"INFOPLIST_KEY_UIApplicationSceneManifest_Generation[sdk=iphonesimulator*]" = YES;
				"INFOPLIST_KEY_UIApplicationSupportsIndirectInputEvents[sdk=iphoneos*]" = YES;
				"INFOPLIST_KEY_UIApplicationSupportsIndirectInputEvents[sdk=iphonesimulator*]" = YES;
				"INFOPLIST_KEY_UILaunchScreen_Generation[sdk=iphoneos*]" = YES;
				"INFOPLIST_KEY_UILaunchScreen_Generation[sdk=iphonesimulator*]" = YES;
				"INFOPLIST_KEY_UIStatusBarStyle[sdk=iphoneos*]" = UIStatusBarStyleDefault;
				"INFOPLIST_KEY_UIStatusBarStyle[sdk=iphonesimulator*]" = UIStatusBarStyleDefault;
				INFOPLIST_KEY_UISupportedInterfaceOrientations_iPad = "UIInterfaceOrientationPortrait UIInterfaceOrientationPortraitUpsideDown UIInterfaceOrientationLandscapeLeft UIInterfaceOrientationLandscapeRight";
				INFOPLIST_KEY_UISupportedInterfaceOrientations_iPhone = "UIInterfaceOrientationPortrait UIInterfaceOrientationLandscapeLeft UIInterfaceOrientationLandscapeRight";
				IPHONEOS_DEPLOYMENT_TARGET = 17.4;
				LD_RUNPATH_SEARCH_PATHS = "@executable_path/Frameworks";
				"LD_RUNPATH_SEARCH_PATHS[sdk=macosx*]" = "@executable_path/../Frameworks";
				MACOSX_DEPLOYMENT_TARGET = 14.4;
				MARKETING_VERSION = 1.0;
				PRODUCT_BUNDLE_IDENTIFIER = ct.TaskManager;
				PRODUCT_NAME = "$(TARGET_NAME)";
				SDKROOT = auto;
				SUPPORTED_PLATFORMS = "iphoneos iphonesimulator macosx";
				SWIFT_EMIT_LOC_STRINGS = YES;
				SWIFT_VERSION = 5.0;
				TARGETED_DEVICE_FAMILY = "1,2";
			};
			name = Debug;
		};
		FB49FC7C2C92D5400034A06A /* Release */ = {
			isa = XCBuildConfiguration;
			buildSettings = {
				ASSETCATALOG_COMPILER_APPICON_NAME = AppIcon;
				ASSETCATALOG_COMPILER_GLOBAL_ACCENT_COLOR_NAME = AccentColor;
				CODE_SIGN_ENTITLEMENTS = TaskManager/TaskManager.entitlements;
				CODE_SIGN_STYLE = Automatic;
				CURRENT_PROJECT_VERSION = 1;
				DEVELOPMENT_ASSET_PATHS = "\"TaskManager/Preview Content\"";
				ENABLE_PREVIEWS = YES;
				GENERATE_INFOPLIST_FILE = YES;
				"INFOPLIST_KEY_UIApplicationSceneManifest_Generation[sdk=iphoneos*]" = YES;
				"INFOPLIST_KEY_UIApplicationSceneManifest_Generation[sdk=iphonesimulator*]" = YES;
				"INFOPLIST_KEY_UIApplicationSupportsIndirectInputEvents[sdk=iphoneos*]" = YES;
				"INFOPLIST_KEY_UIApplicationSupportsIndirectInputEvents[sdk=iphonesimulator*]" = YES;
				"INFOPLIST_KEY_UILaunchScreen_Generation[sdk=iphoneos*]" = YES;
				"INFOPLIST_KEY_UILaunchScreen_Generation[sdk=iphonesimulator*]" = YES;
				"INFOPLIST_KEY_UIStatusBarStyle[sdk=iphoneos*]" = UIStatusBarStyleDefault;
				"INFOPLIST_KEY_UIStatusBarStyle[sdk=iphonesimulator*]" = UIStatusBarStyleDefault;
				INFOPLIST_KEY_UISupportedInterfaceOrientations_iPad = "UIInterfaceOrientationPortrait UIInterfaceOrientationPortraitUpsideDown UIInterfaceOrientationLandscapeLeft UIInterfaceOrientationLandscapeRight";
				INFOPLIST_KEY_UISupportedInterfaceOrientations_iPhone = "UIInterfaceOrientationPortrait UIInterfaceOrientationLandscapeLeft UIInterfaceOrientationLandscapeRight";
				IPHONEOS_DEPLOYMENT_TARGET = 17.4;
				LD_RUNPATH_SEARCH_PATHS = "@executable_path/Frameworks";
				"LD_RUNPATH_SEARCH_PATHS[sdk=macosx*]" = "@executable_path/../Frameworks";
				MACOSX_DEPLOYMENT_TARGET = 14.4;
				MARKETING_VERSION = 1.0;
				PRODUCT_BUNDLE_IDENTIFIER = ct.TaskManager;
				PRODUCT_NAME = "$(TARGET_NAME)";
				SDKROOT = auto;
				SUPPORTED_PLATFORMS = "iphoneos iphonesimulator macosx";
				SWIFT_EMIT_LOC_STRINGS = YES;
				SWIFT_VERSION = 5.0;
				TARGETED_DEVICE_FAMILY = "1,2";
			};
			name = Release;
		};
		FB5941F92C97FCCB00D235BC /* Debug */ = {
			isa = XCBuildConfiguration;
			buildSettings = {
				CODE_SIGN_STYLE = Automatic;
				CURRENT_PROJECT_VERSION = 1;
				GENERATE_INFOPLIST_FILE = YES;
				IPHONEOS_DEPLOYMENT_TARGET = 17.4;
				MACOSX_DEPLOYMENT_TARGET = 14.5;
				MARKETING_VERSION = 1.0;
				PRODUCT_BUNDLE_IDENTIFIER = ct.TaskManagerTest;
				PRODUCT_NAME = "$(TARGET_NAME)";
				SDKROOT = auto;
				SUPPORTED_PLATFORMS = "iphoneos iphonesimulator macosx";
				SWIFT_EMIT_LOC_STRINGS = NO;
				SWIFT_VERSION = 5.0;
				TARGETED_DEVICE_FAMILY = "1,2";
				TEST_TARGET_NAME = TaskManager;
			};
			name = Debug;
		};
		FB5941FA2C97FCCB00D235BC /* Release */ = {
			isa = XCBuildConfiguration;
			buildSettings = {
				CODE_SIGN_STYLE = Automatic;
				CURRENT_PROJECT_VERSION = 1;
				GENERATE_INFOPLIST_FILE = YES;
				IPHONEOS_DEPLOYMENT_TARGET = 17.4;
				MACOSX_DEPLOYMENT_TARGET = 14.5;
				MARKETING_VERSION = 1.0;
				PRODUCT_BUNDLE_IDENTIFIER = ct.TaskManagerTest;
				PRODUCT_NAME = "$(TARGET_NAME)";
				SDKROOT = auto;
				SUPPORTED_PLATFORMS = "iphoneos iphonesimulator macosx";
				SWIFT_EMIT_LOC_STRINGS = NO;
				SWIFT_VERSION = 5.0;
				TARGETED_DEVICE_FAMILY = "1,2";
				TEST_TARGET_NAME = TaskManager;
			};
			name = Release;
		};
/* End XCBuildConfiguration section */

/* Begin XCConfigurationList section */
		FB49FC662C92D53F0034A06A /* Build configuration list for PBXProject "TaskManager" */ = {
			isa = XCConfigurationList;
			buildConfigurations = (
				FB49FC782C92D5400034A06A /* Debug */,
				FB49FC792C92D5400034A06A /* Release */,
			);
			defaultConfigurationIsVisible = 0;
			defaultConfigurationName = Release;
		};
		FB49FC7A2C92D5400034A06A /* Build configuration list for PBXNativeTarget "TaskManager" */ = {
			isa = XCConfigurationList;
			buildConfigurations = (
				FB49FC7B2C92D5400034A06A /* Debug */,
				FB49FC7C2C92D5400034A06A /* Release */,
			);
			defaultConfigurationIsVisible = 0;
			defaultConfigurationName = Release;
		};
		FB5941F82C97FCCB00D235BC /* Build configuration list for PBXNativeTarget "TaskManagerTest" */ = {
			isa = XCConfigurationList;
			buildConfigurations = (
				FB5941F92C97FCCB00D235BC /* Debug */,
				FB5941FA2C97FCCB00D235BC /* Release */,
			);
			defaultConfigurationIsVisible = 0;
			defaultConfigurationName = Release;
		};
/* End XCConfigurationList section */

/* Begin XCRemoteSwiftPackageReference section */
		FB5942112CBDFDFB00D235BC /* XCRemoteSwiftPackageReference "supabase-swift" */ = {
			isa = XCRemoteSwiftPackageReference;
			repositoryURL = "https://github.com/supabase-community/supabase-swift";
			requirement = {
				kind = upToNextMajorVersion;
				minimumVersion = 2.5.1;
			};
		};
/* End XCRemoteSwiftPackageReference section */

/* Begin XCSwiftPackageProductDependency section */
		FB5942122CBDFDFC00D235BC /* Supabase */ = {
			isa = XCSwiftPackageProductDependency;
			package = FB5942112CBDFDFB00D235BC /* XCRemoteSwiftPackageReference "supabase-swift" */;
			productName = Supabase;
		};
		FB5942152CBDFE5B00D235BC /* Supabase */ = {
			isa = XCSwiftPackageProductDependency;
			package = FB5942112CBDFDFB00D235BC /* XCRemoteSwiftPackageReference "supabase-swift" */;
			productName = Supabase;
		};
/* End XCSwiftPackageProductDependency section */
	};
	rootObject = FB49FC632C92D53F0034A06A /* Project object */;
}
